// !$*UTF8*$!
{
	archiveVersion = 1;
	classes = {
	};
	objectVersion = 50;
	objects = {

/* Begin PBXBuildFile section */
		BB64CC86239F4CE700E065D9 /* AppDelegate.swift in Sources */ = {isa = PBXBuildFile; fileRef = BB64CC85239F4CE700E065D9 /* AppDelegate.swift */; };
		BB64CC88239F4CE700E065D9 /* SceneDelegate.swift in Sources */ = {isa = PBXBuildFile; fileRef = BB64CC87239F4CE700E065D9 /* SceneDelegate.swift */; };
		BB64CC8A239F4CE700E065D9 /* ViewController.swift in Sources */ = {isa = PBXBuildFile; fileRef = BB64CC89239F4CE700E065D9 /* ViewController.swift */; };
		BB64CC8D239F4CE700E065D9 /* Main.storyboard in Resources */ = {isa = PBXBuildFile; fileRef = BB64CC8B239F4CE700E065D9 /* Main.storyboard */; };
		BB64CC90239F4CE700E065D9 /* FinalApp280.xcdatamodeld in Sources */ = {isa = PBXBuildFile; fileRef = BB64CC8E239F4CE700E065D9 /* FinalApp280.xcdatamodeld */; };
		BB64CC92239F4CE800E065D9 /* Assets.xcassets in Resources */ = {isa = PBXBuildFile; fileRef = BB64CC91239F4CE800E065D9 /* Assets.xcassets */; };
		BB64CC95239F4CE800E065D9 /* LaunchScreen.storyboard in Resources */ = {isa = PBXBuildFile; fileRef = BB64CC93239F4CE800E065D9 /* LaunchScreen.storyboard */; };
		BBF0725D23A1A424008CEA3F /* ContactTableViewController.swift in Sources */ = {isa = PBXBuildFile; fileRef = BBF0725C23A1A424008CEA3F /* ContactTableViewController.swift */; };
/* End PBXBuildFile section */

/* Begin PBXFileReference section */
		BB64CC82239F4CE700E065D9 /* FinalApp280.app */ = {isa = PBXFileReference; explicitFileType = wrapper.application; includeInIndex = 0; path = FinalApp280.app; sourceTree = BUILT_PRODUCTS_DIR; };
		BB64CC85239F4CE700E065D9 /* AppDelegate.swift */ = {isa = PBXFileReference; lastKnownFileType = sourcecode.swift; path = AppDelegate.swift; sourceTree = "<group>"; };
		BB64CC87239F4CE700E065D9 /* SceneDelegate.swift */ = {isa = PBXFileReference; lastKnownFileType = sourcecode.swift; path = SceneDelegate.swift; sourceTree = "<group>"; };
		BB64CC89239F4CE700E065D9 /* ViewController.swift */ = {isa = PBXFileReference; lastKnownFileType = sourcecode.swift; path = ViewController.swift; sourceTree = "<group>"; };
		BB64CC8C239F4CE700E065D9 /* Base */ = {isa = PBXFileReference; lastKnownFileType = file.storyboard; name = Base; path = Base.lproj/Main.storyboard; sourceTree = "<group>"; };
		BB64CC8F239F4CE700E065D9 /* FinalApp280.xcdatamodel */ = {isa = PBXFileReference; lastKnownFileType = wrapper.xcdatamodel; path = FinalApp280.xcdatamodel; sourceTree = "<group>"; };
		BB64CC91239F4CE800E065D9 /* Assets.xcassets */ = {isa = PBXFileReference; lastKnownFileType = folder.assetcatalog; path = Assets.xcassets; sourceTree = "<group>"; };
		BB64CC94239F4CE800E065D9 /* Base */ = {isa = PBXFileReference; lastKnownFileType = file.storyboard; name = Base; path = Base.lproj/LaunchScreen.storyboard; sourceTree = "<group>"; };
		BB64CC96239F4CE800E065D9 /* Info.plist */ = {isa = PBXFileReference; lastKnownFileType = text.plist.xml; path = Info.plist; sourceTree = "<group>"; };
		BBF0725C23A1A424008CEA3F /* ContactTableViewController.swift */ = {isa = PBXFileReference; lastKnownFileType = sourcecode.swift; path = ContactTableViewController.swift; sourceTree = "<group>"; };
/* End PBXFileReference section */

/* Begin PBXFrameworksBuildPhase section */
		BB64CC7F239F4CE700E065D9 /* Frameworks */ = {
			isa = PBXFrameworksBuildPhase;
			buildActionMask = 2147483647;
			files = (
			);
			runOnlyForDeploymentPostprocessing = 0;
		};
/* End PBXFrameworksBuildPhase section */

/* Begin PBXGroup section */
		BB64CC79239F4CE700E065D9 = {
			isa = PBXGroup;
			children = (
				BB64CC84239F4CE700E065D9 /* FinalApp280 */,
				BB64CC83239F4CE700E065D9 /* Products */,
			);
			sourceTree = "<group>";
		};
		BB64CC83239F4CE700E065D9 /* Products */ = {
			isa = PBXGroup;
			children = (
				BB64CC82239F4CE700E065D9 /* FinalApp280.app */,
			);
			name = Products;
			sourceTree = "<group>";
		};
		BB64CC84239F4CE700E065D9 /* FinalApp280 */ = {
			isa = PBXGroup;
			children = (
				BB64CC85239F4CE700E065D9 /* AppDelegate.swift */,
				BB64CC87239F4CE700E065D9 /* SceneDelegate.swift */,
				BB64CC89239F4CE700E065D9 /* ViewController.swift */,
				BB64CC8B239F4CE700E065D9 /* Main.storyboard */,
				BB64CC91239F4CE800E065D9 /* Assets.xcassets */,
				BB64CC93239F4CE800E065D9 /* LaunchScreen.storyboard */,
				BB64CC96239F4CE800E065D9 /* Info.plist */,
				BB64CC8E239F4CE700E065D9 /* FinalApp280.xcdatamodeld */,
				BBF0725C23A1A424008CEA3F /* ContactTableViewController.swift */,
			);
			path = FinalApp280;
			sourceTree = "<group>";
		};
/* End PBXGroup section */

/* Begin PBXNativeTarget section */
		BB64CC81239F4CE700E065D9 /* FinalApp280 */ = {
			isa = PBXNativeTarget;
			buildConfigurationList = BB64CC99239F4CE800E065D9 /* Build configuration list for PBXNativeTarget "FinalApp280" */;
			buildPhases = (
				BB64CC7E239F4CE700E065D9 /* Sources */,
				BB64CC7F239F4CE700E065D9 /* Frameworks */,
				BB64CC80239F4CE700E065D9 /* Resources */,
			);
			buildRules = (
			);
			dependencies = (
			);
			name = FinalApp280;
			productName = FinalApp280;
			productReference = BB64CC82239F4CE700E065D9 /* FinalApp280.app */;
			productType = "com.apple.product-type.application";
		};
/* End PBXNativeTarget section */

/* Begin PBXProject section */
		BB64CC7A239F4CE700E065D9 /* Project object */ = {
			isa = PBXProject;
			attributes = {
				LastSwiftUpdateCheck = 1120;
				LastUpgradeCheck = 1120;
				ORGANIZATIONNAME = "Roberto Ocampo";
				TargetAttributes = {
					BB64CC81239F4CE700E065D9 = {
						CreatedOnToolsVersion = 11.2.1;
					};
				};
			};
			buildConfigurationList = BB64CC7D239F4CE700E065D9 /* Build configuration list for PBXProject "FinalApp280" */;
			compatibilityVersion = "Xcode 9.3";
			developmentRegion = en;
			hasScannedForEncodings = 0;
			knownRegions = (
				en,
				Base,
			);
			mainGroup = BB64CC79239F4CE700E065D9;
			productRefGroup = BB64CC83239F4CE700E065D9 /* Products */;
			projectDirPath = "";
			projectRoot = "";
			targets = (
				BB64CC81239F4CE700E065D9 /* FinalApp280 */,
			);
		};
/* End PBXProject section */

/* Begin PBXResourcesBuildPhase section */
		BB64CC80239F4CE700E065D9 /* Resources */ = {
			isa = PBXResourcesBuildPhase;
			buildActionMask = 2147483647;
			files = (
				BB64CC95239F4CE800E065D9 /* LaunchScreen.storyboard in Resources */,
				BB64CC92239F4CE800E065D9 /* Assets.xcassets in Resources */,
				BB64CC8D239F4CE700E065D9 /* Main.storyboard in Resources */,
			);
			runOnlyForDeploymentPostprocessing = 0;
		};
/* End PBXResourcesBuildPhase section */

/* Begin PBXSourcesBuildPhase section */
		BB64CC7E239F4CE700E065D9 /* Sources */ = {
			isa = PBXSourcesBuildPhase;
			buildActionMask = 2147483647;
			files = (
				BBF0725D23A1A424008CEA3F /* ContactTableViewController.swift in Sources */,
				BB64CC8A239F4CE700E065D9 /* ViewController.swift in Sources */,
				BB64CC90239F4CE700E065D9 /* FinalApp280.xcdatamodeld in Sources */,
				BB64CC86239F4CE700E065D9 /* AppDelegate.swift in Sources */,
				BB64CC88239F4CE700E065D9 /* SceneDelegate.swift in Sources */,
			);
			runOnlyForDeploymentPostprocessing = 0;
		};
/* End PBXSourcesBuildPhase section */

/* Begin PBXVariantGroup section */
		BB64CC8B239F4CE700E065D9 /* Main.storyboard */ = {
			isa = PBXVariantGroup;
			children = (
				BB64CC8C239F4CE700E065D9 /* Base */,
			);
			name = Main.storyboard;
			sourceTree = "<group>";
		};
		BB64CC93239F4CE800E065D9 /* LaunchScreen.storyboard */ = {
			isa = PBXVariantGroup;
			children = (
				BB64CC94239F4CE800E065D9 /* Base */,
			);
			name = LaunchScreen.storyboard;
			sourceTree = "<group>";
		};
/* End PBXVariantGroup section */

/* Begin XCBuildConfiguration section */
		BB64CC97239F4CE800E065D9 /* Debug */ = {
			isa = XCBuildConfiguration;
			buildSettings = {
				ALWAYS_SEARCH_USER_PATHS = NO;
				CLANG_ANALYZER_NONNULL = YES;
				CLANG_ANALYZER_NUMBER_OBJECT_CONVERSION = YES_AGGRESSIVE;
				CLANG_CXX_LANGUAGE_STANDARD = "gnu++14";
				CLANG_CXX_LIBRARY = "libc++";
				CLANG_ENABLE_MODULES = YES;
				CLANG_ENABLE_OBJC_ARC = YES;
				CLANG_ENABLE_OBJC_WEAK = YES;
				CLANG_WARN_BLOCK_CAPTURE_AUTORELEASING = YES;
				CLANG_WARN_BOOL_CONVERSION = YES;
				CLANG_WARN_COMMA = YES;
				CLANG_WARN_CONSTANT_CONVERSION = YES;
				CLANG_WARN_DEPRECATED_OBJC_IMPLEMENTATIONS = YES;
				CLANG_WARN_DIRECT_OBJC_ISA_USAGE = YES_ERROR;
				CLANG_WARN_DOCUMENTATION_COMMENTS = YES;
				CLANG_WARN_EMPTY_BODY = YES;
				CLANG_WARN_ENUM_CONVERSION = YES;
				CLANG_WARN_INFINITE_RECURSION = YES;
				CLANG_WARN_INT_CONVERSION = YES;
				CLANG_WARN_NON_LITERAL_NULL_CONVERSION = YES;
				CLANG_WARN_OBJC_IMPLICIT_RETAIN_SELF = YES;
				CLANG_WARN_OBJC_LITERAL_CONVERSION = YES;
				CLANG_WARN_OBJC_ROOT_CLASS = YES_ERROR;
				CLANG_WARN_RANGE_LOOP_ANALYSIS = YES;
				CLANG_WARN_STRICT_PROTOTYPES = YES;
				CLANG_WARN_SUSPICIOUS_MOVE = YES;
				CLANG_WARN_UNGUARDED_AVAILABILITY = YES_AGGRESSIVE;
				CLANG_WARN_UNREACHABLE_CODE = YES;
				CLANG_WARN__DUPLICATE_METHOD_MATCH = YES;
				COPY_PHASE_STRIP = NO;
				DEBUG_INFORMATION_FORMAT = dwarf;
				ENABLE_STRICT_OBJC_MSGSEND = YES;
				ENABLE_TESTABILITY = YES;
				GCC_C_LANGUAGE_STANDARD = gnu11;
				GCC_DYNAMIC_NO_PIC = NO;
				GCC_NO_COMMON_BLOCKS = YES;
				GCC_OPTIMIZATION_LEVEL = 0;
				GCC_PREPROCESSOR_DEFINITIONS = (
					"DEBUG=1",
					"$(inherited)",
				);
				GCC_WARN_64_TO_32_BIT_CONVERSION = YES;
				GCC_WARN_ABOUT_RETURN_TYPE = YES_ERROR;
				GCC_WARN_UNDECLARED_SELECTOR = YES;
				GCC_WARN_UNINITIALIZED_AUTOS = YES_AGGRESSIVE;
				GCC_WARN_UNUSED_FUNCTION = YES;
				GCC_WARN_UNUSED_VARIABLE = YES;
				IPHONEOS_DEPLOYMENT_TARGET = 13.2;
				MTL_ENABLE_DEBUG_INFO = INCLUDE_SOURCE;
				MTL_FAST_MATH = YES;
				ONLY_ACTIVE_ARCH = YES;
				SDKROOT = iphoneos;
				SWIFT_ACTIVE_COMPILATION_CONDITIONS = DEBUG;
				SWIFT_OPTIMIZATION_LEVEL = "-Onone";
			};
			name = Debug;
		};
		BB64CC98239F4CE800E065D9 /* Release */ = {
			isa = XCBuildConfiguration;
			buildSettings = {
				ALWAYS_SEARCH_USER_PATHS = NO;
				CLANG_ANALYZER_NONNULL = YES;
				CLANG_ANALYZER_NUMBER_OBJECT_CONVERSION = YES_AGGRESSIVE;
				CLANG_CXX_LANGUAGE_STANDARD = "gnu++14";
				CLANG_CXX_LIBRARY = "libc++";
				CLANG_ENABLE_MODULES = YES;
				CLANG_ENABLE_OBJC_ARC = YES;
				CLANG_ENABLE_OBJC_WEAK = YES;
				CLANG_WARN_BLOCK_CAPTURE_AUTORELEASING = YES;
				CLANG_WARN_BOOL_CONVERSION = YES;
				CLANG_WARN_COMMA = YES;
				CLANG_WARN_CONSTANT_CONVERSION = YES;
				CLANG_WARN_DEPRECATED_OBJC_IMPLEMENTATIONS = YES;
				CLANG_WARN_DIRECT_OBJC_ISA_USAGE = YES_ERROR;
				CLANG_WARN_DOCUMENTATION_COMMENTS = YES;
				CLANG_WARN_EMPTY_BODY = YES;
				CLANG_WARN_ENUM_CONVERSION = YES;
				CLANG_WARN_INFINITE_RECURSION = YES;
				CLANG_WARN_INT_CONVERSION = YES;
				CLANG_WARN_NON_LITERAL_NULL_CONVERSION = YES;
				CLANG_WARN_OBJC_IMPLICIT_RETAIN_SELF = YES;
				CLANG_WARN_OBJC_LITERAL_CONVERSION = YES;
				CLANG_WARN_OBJC_ROOT_CLASS = YES_ERROR;
				CLANG_WARN_RANGE_LOOP_ANALYSIS = YES;
				CLANG_WARN_STRICT_PROTOTYPES = YES;
				CLANG_WARN_SUSPICIOUS_MOVE = YES;
				CLANG_WARN_UNGUARDED_AVAILABILITY = YES_AGGRESSIVE;
				CLANG_WARN_UNREACHABLE_CODE = YES;
				CLANG_WARN__DUPLICATE_METHOD_MATCH = YES;
				COPY_PHASE_STRIP = NO;
				DEBUG_INFORMATION_FORMAT = "dwarf-with-dsym";
				ENABLE_NS_ASSERTIONS = NO;
				ENABLE_STRICT_OBJC_MSGSEND = YES;
				GCC_C_LANGUAGE_STANDARD = gnu11;
				GCC_NO_COMMON_BLOCKS = YES;
				GCC_WARN_64_TO_32_BIT_CONVERSION = YES;
				GCC_WARN_ABOUT_RETURN_TYPE = YES_ERROR;
				GCC_WARN_UNDECLARED_SELECTOR = YES;
				GCC_WARN_UNINITIALIZED_AUTOS = YES_AGGRESSIVE;
				GCC_WARN_UNUSED_FUNCTION = YES;
				GCC_WARN_UNUSED_VARIABLE = YES;
				IPHONEOS_DEPLOYMENT_TARGET = 13.2;
				MTL_ENABLE_DEBUG_INFO = NO;
				MTL_FAST_MATH = YES;
				SDKROOT = iphoneos;
				SWIFT_COMPILATION_MODE = wholemodule;
				SWIFT_OPTIMIZATION_LEVEL = "-O";
				VALIDATE_PRODUCT = YES;
			};
			name = Release;
		};
		BB64CC9A239F4CE800E065D9 /* Debug */ = {
			isa = XCBuildConfiguration;
			buildSettings = {
				ASSETCATALOG_COMPILER_APPICON_NAME = AppIcon;
				CODE_SIGN_STYLE = Automatic;
				DEVELOPMENT_TEAM = 95APK4R27R;
				INFOPLIST_FILE = FinalApp280/Info.plist;
				LD_RUNPATH_SEARCH_PATHS = (
					"$(inherited)",
					"@executable_path/Frameworks",
				);
				PRODUCT_BUNDLE_IDENTIFIER = edu.rockvalleycollege.edu.FinalApp280;
				PRODUCT_NAME = "$(TARGET_NAME)";
				SWIFT_VERSION = 5.0;
				TARGETED_DEVICE_FAMILY = "1,2";
			};
			name = Debug;
		};
		BB64CC9B239F4CE800E065D9 /* Release */ = {
			isa = XCBuildConfiguration;
			buildSettings = {
				ASSETCATALOG_COMPILER_APPICON_NAME = AppIcon;
				CODE_SIGN_STYLE = Automatic;
				DEVELOPMENT_TEAM = 95APK4R27R;
				INFOPLIST_FILE = FinalApp280/Info.plist;
				LD_RUNPATH_SEARCH_PATHS = (
					"$(inherited)",
					"@executable_path/Frameworks",
				);
				PRODUCT_BUNDLE_IDENTIFIER = edu.rockvalleycollege.edu.FinalApp280;
				PRODUCT_NAME = "$(TARGET_NAME)";
				SWIFT_VERSION = 5.0;
				TARGETED_DEVICE_FAMILY = "1,2";
			};
			name = Release;
		};
/* End XCBuildConfiguration section */

/* Begin XCConfigurationList section */
		BB64CC7D239F4CE700E065D9 /* Build configuration list for PBXProject "FinalApp280" */ = {
			isa = XCConfigurationList;
			buildConfigurations = (
				BB64CC97239F4CE800E065D9 /* Debug */,
				BB64CC98239F4CE800E065D9 /* Release */,
			);
			defaultConfigurationIsVisible = 0;
			defaultConfigurationName = Release;
		};
		BB64CC99239F4CE800E065D9 /* Build configuration list for PBXNativeTarget "FinalApp280" */ = {
			isa = XCConfigurationList;
			buildConfigurations = (
				BB64CC9A239F4CE800E065D9 /* Debug */,
				BB64CC9B239F4CE800E065D9 /* Release */,
			);
			defaultConfigurationIsVisible = 0;
			defaultConfigurationName = Release;
		};
/* End XCConfigurationList section */

/* Begin XCVersionGroup section */
		BB64CC8E239F4CE700E065D9 /* FinalApp280.xcdatamodeld */ = {
			isa = XCVersionGroup;
			children = (
				BB64CC8F239F4CE700E065D9 /* FinalApp280.xcdatamodel */,
			);
			currentVersion = BB64CC8F239F4CE700E065D9 /* FinalApp280.xcdatamodel */;
			path = FinalApp280.xcdatamodeld;
			sourceTree = "<group>";
			versionGroupType = wrapper.xcdatamodel;
		};
/* End XCVersionGroup section */
	};
	rootObject = BB64CC7A239F4CE700E065D9 /* Project object */;
}
